// !$*UTF8*$!
{
	archiveVersion = 1;
	classes = {
	};
	objectVersion = 46;
	objects = {

/* Begin PBXBuildFile section */
		EDEB58F219F9F8F900E79F77 /* AppDelegate.swift in Sources */ = {isa = PBXBuildFile; fileRef = EDEB58F119F9F8F900E79F77 /* AppDelegate.swift */; };
		EDEB58F419F9F8F900E79F77 /* FirstViewController.swift in Sources */ = {isa = PBXBuildFile; fileRef = EDEB58F319F9F8F900E79F77 /* FirstViewController.swift */; };
		EDEB58F919F9F8F900E79F77 /* Main.storyboard in Resources */ = {isa = PBXBuildFile; fileRef = EDEB58F719F9F8F900E79F77 /* Main.storyboard */; };
		EDEB58FB19F9F8F900E79F77 /* Images.xcassets in Resources */ = {isa = PBXBuildFile; fileRef = EDEB58FA19F9F8F900E79F77 /* Images.xcassets */; };
		EDEB58FE19F9F8F900E79F77 /* LaunchScreen.xib in Resources */ = {isa = PBXBuildFile; fileRef = EDEB58FC19F9F8F900E79F77 /* LaunchScreen.xib */; };
		EDEB590A19F9F8F900E79F77 /* CounterTests.swift in Sources */ = {isa = PBXBuildFile; fileRef = EDEB590919F9F8F900E79F77 /* CounterTests.swift */; };
/* End PBXBuildFile section */

/* Begin PBXContainerItemProxy section */
		EDEB590419F9F8F900E79F77 /* PBXContainerItemProxy */ = {
			isa = PBXContainerItemProxy;
			containerPortal = EDEB58E419F9F8F900E79F77 /* Project object */;
			proxyType = 1;
			remoteGlobalIDString = EDEB58EB19F9F8F900E79F77;
			remoteInfo = Counter;
		};
/* End PBXContainerItemProxy section */

/* Begin PBXFileReference section */
		EDEB58EC19F9F8F900E79F77 /* Counter.app */ = {isa = PBXFileReference; explicitFileType = wrapper.application; includeInIndex = 0; path = Counter.app; sourceTree = BUILT_PRODUCTS_DIR; };
		EDEB58F019F9F8F900E79F77 /* Info.plist */ = {isa = PBXFileReference; lastKnownFileType = text.plist.xml; path = Info.plist; sourceTree = "<group>"; };
		EDEB58F119F9F8F900E79F77 /* AppDelegate.swift */ = {isa = PBXFileReference; lastKnownFileType = sourcecode.swift; path = AppDelegate.swift; sourceTree = "<group>"; };
		EDEB58F319F9F8F900E79F77 /* FirstViewController.swift */ = {isa = PBXFileReference; lastKnownFileType = sourcecode.swift; path = FirstViewController.swift; sourceTree = "<group>"; };
		EDEB58F819F9F8F900E79F77 /* Base */ = {isa = PBXFileReference; lastKnownFileType = file.storyboard; name = Base; path = Base.lproj/Main.storyboard; sourceTree = "<group>"; };
		EDEB58FA19F9F8F900E79F77 /* Images.xcassets */ = {isa = PBXFileReference; lastKnownFileType = folder.assetcatalog; path = Images.xcassets; sourceTree = "<group>"; };
		EDEB58FD19F9F8F900E79F77 /* Base */ = {isa = PBXFileReference; lastKnownFileType = file.xib; name = Base; path = Base.lproj/LaunchScreen.xib; sourceTree = "<group>"; };
		EDEB590319F9F8F900E79F77 /* CounterTests.xctest */ = {isa = PBXFileReference; explicitFileType = wrapper.cfbundle; includeInIndex = 0; path = CounterTests.xctest; sourceTree = BUILT_PRODUCTS_DIR; };
		EDEB590819F9F8F900E79F77 /* Info.plist */ = {isa = PBXFileReference; lastKnownFileType = text.plist.xml; path = Info.plist; sourceTree = "<group>"; };
		EDEB590919F9F8F900E79F77 /* CounterTests.swift */ = {isa = PBXFileReference; lastKnownFileType = sourcecode.swift; path = CounterTests.swift; sourceTree = "<group>"; };
/* End PBXFileReference section */

/* Begin PBXFrameworksBuildPhase section */
		EDEB58E919F9F8F900E79F77 /* Frameworks */ = {
			isa = PBXFrameworksBuildPhase;
			buildActionMask = 2147483647;
			files = (
			);
			runOnlyForDeploymentPostprocessing = 0;
		};
		EDEB590019F9F8F900E79F77 /* Frameworks */ = {
			isa = PBXFrameworksBuildPhase;
			buildActionMask = 2147483647;
			files = (
			);
			runOnlyForDeploymentPostprocessing = 0;
		};
/* End PBXFrameworksBuildPhase section */

/* Begin PBXGroup section */
		EDEB58E319F9F8F900E79F77 = {
			isa = PBXGroup;
			children = (
				EDEB58EE19F9F8F900E79F77 /* Counter */,
				EDEB590619F9F8F900E79F77 /* CounterTests */,
				EDEB58ED19F9F8F900E79F77 /* Products */,
			);
			sourceTree = "<group>";
		};
		EDEB58ED19F9F8F900E79F77 /* Products */ = {
			isa = PBXGroup;
			children = (
				EDEB58EC19F9F8F900E79F77 /* Counter.app */,
				EDEB590319F9F8F900E79F77 /* CounterTests.xctest */,
			);
			name = Products;
			sourceTree = "<group>";
		};
		EDEB58EE19F9F8F900E79F77 /* Counter */ = {
			isa = PBXGroup;
			children = (
				EDEB58F119F9F8F900E79F77 /* AppDelegate.swift */,
				EDEB58F319F9F8F900E79F77 /* FirstViewController.swift */,
				EDEB58F719F9F8F900E79F77 /* Main.storyboard */,
				EDEB58FA19F9F8F900E79F77 /* Images.xcassets */,
				EDEB58FC19F9F8F900E79F77 /* LaunchScreen.xib */,
				EDEB58EF19F9F8F900E79F77 /* Supporting Files */,
			);
			path = Counter;
			sourceTree = "<group>";
		};
		EDEB58EF19F9F8F900E79F77 /* Supporting Files */ = {
			isa = PBXGroup;
			children = (
				EDEB58F019F9F8F900E79F77 /* Info.plist */,
			);
			name = "Supporting Files";
			sourceTree = "<group>";
		};
		EDEB590619F9F8F900E79F77 /* CounterTests */ = {
			isa = PBXGroup;
			children = (
				EDEB590919F9F8F900E79F77 /* CounterTests.swift */,
				EDEB590719F9F8F900E79F77 /* Supporting Files */,
			);
			path = CounterTests;
			sourceTree = "<group>";
		};
		EDEB590719F9F8F900E79F77 /* Supporting Files */ = {
			isa = PBXGroup;
			children = (
				EDEB590819F9F8F900E79F77 /* Info.plist */,
			);
			name = "Supporting Files";
			sourceTree = "<group>";
		};
/* End PBXGroup section */

/* Begin PBXNativeTarget section */
		EDEB58EB19F9F8F900E79F77 /* Counter */ = {
			isa = PBXNativeTarget;
			buildConfigurationList = EDEB590D19F9F8F900E79F77 /* Build configuration list for PBXNativeTarget "Counter" */;
			buildPhases = (
				EDEB58E819F9F8F900E79F77 /* Sources */,
				EDEB58E919F9F8F900E79F77 /* Frameworks */,
				EDEB58EA19F9F8F900E79F77 /* Resources */,
			);
			buildRules = (
			);
			dependencies = (
			);
			name = Counter;
			productName = Counter;
			productReference = EDEB58EC19F9F8F900E79F77 /* Counter.app */;
			productType = "com.apple.product-type.application";
		};
		EDEB590219F9F8F900E79F77 /* CounterTests */ = {
			isa = PBXNativeTarget;
			buildConfigurationList = EDEB591019F9F8F900E79F77 /* Build configuration list for PBXNativeTarget "CounterTests" */;
			buildPhases = (
				EDEB58FF19F9F8F900E79F77 /* Sources */,
				EDEB590019F9F8F900E79F77 /* Frameworks */,
				EDEB590119F9F8F900E79F77 /* Resources */,
			);
			buildRules = (
			);
			dependencies = (
				EDEB590519F9F8F900E79F77 /* PBXTargetDependency */,
			);
			name = CounterTests;
			productName = CounterTests;
			productReference = EDEB590319F9F8F900E79F77 /* CounterTests.xctest */;
			productType = "com.apple.product-type.bundle.unit-test";
		};
/* End PBXNativeTarget section */

/* Begin PBXProject section */
		EDEB58E419F9F8F900E79F77 /* Project object */ = {
			isa = PBXProject;
			attributes = {
				LastUpgradeCheck = 0600;
				ORGANIZATIONNAME = "Joel Klabo";
				TargetAttributes = {
					EDEB58EB19F9F8F900E79F77 = {
						CreatedOnToolsVersion = 6.0.1;
					};
					EDEB590219F9F8F900E79F77 = {
						CreatedOnToolsVersion = 6.0.1;
						TestTargetID = EDEB58EB19F9F8F900E79F77;
					};
				};
			};
			buildConfigurationList = EDEB58E719F9F8F900E79F77 /* Build configuration list for PBXProject "Counter" */;
			compatibilityVersion = "Xcode 3.2";
			developmentRegion = English;
			hasScannedForEncodings = 0;
			knownRegions = (
				en,
				Base,
			);
			mainGroup = EDEB58E319F9F8F900E79F77;
			productRefGroup = EDEB58ED19F9F8F900E79F77 /* Products */;
			projectDirPath = "";
			projectRoot = "";
			targets = (
				EDEB58EB19F9F8F900E79F77 /* Counter */,
				EDEB590219F9F8F900E79F77 /* CounterTests */,
			);
		};
/* End PBXProject section */

/* Begin PBXResourcesBuildPhase section */
		EDEB58EA19F9F8F900E79F77 /* Resources */ = {
			isa = PBXResourcesBuildPhase;
			buildActionMask = 2147483647;
			files = (
				EDEB58F919F9F8F900E79F77 /* Main.storyboard in Resources */,
				EDEB58FE19F9F8F900E79F77 /* LaunchScreen.xib in Resources */,
				EDEB58FB19F9F8F900E79F77 /* Images.xcassets in Resources */,
			);
			runOnlyForDeploymentPostprocessing = 0;
		};
		EDEB590119F9F8F900E79F77 /* Resources */ = {
			isa = PBXResourcesBuildPhase;
			buildActionMask = 2147483647;
			files = (
			);
			runOnlyForDeploymentPostprocessing = 0;
		};
/* End PBXResourcesBuildPhase section */

/* Begin PBXSourcesBuildPhase section */
		EDEB58E819F9F8F900E79F77 /* Sources */ = {
			isa = PBXSourcesBuildPhase;
			buildActionMask = 2147483647;
			files = (
				EDEB58F219F9F8F900E79F77 /* AppDelegate.swift in Sources */,
				EDEB58F419F9F8F900E79F77 /* FirstViewController.swift in Sources */,
			);
			runOnlyForDeploymentPostprocessing = 0;
		};
		EDEB58FF19F9F8F900E79F77 /* Sources */ = {
			isa = PBXSourcesBuildPhase;
			buildActionMask = 2147483647;
			files = (
				EDEB590A19F9F8F900E79F77 /* CounterTests.swift in Sources */,
			);
			runOnlyForDeploymentPostprocessing = 0;
		};
/* End PBXSourcesBuildPhase section */

/* Begin PBXTargetDependency section */
		EDEB590519F9F8F900E79F77 /* PBXTargetDependency */ = {
			isa = PBXTargetDependency;
			target = EDEB58EB19F9F8F900E79F77 /* Counter */;
			targetProxy = EDEB590419F9F8F900E79F77 /* PBXContainerItemProxy */;
		};
/* End PBXTargetDependency section */

/* Begin PBXVariantGroup section */
		EDEB58F719F9F8F900E79F77 /* Main.storyboard */ = {
			isa = PBXVariantGroup;
			children = (
				EDEB58F819F9F8F900E79F77 /* Base */,
			);
			name = Main.storyboard;
			sourceTree = "<group>";
		};
		EDEB58FC19F9F8F900E79F77 /* LaunchScreen.xib */ = {
			isa = PBXVariantGroup;
			children = (
				EDEB58FD19F9F8F900E79F77 /* Base */,
			);
			name = LaunchScreen.xib;
			sourceTree = "<group>";
		};
/* End PBXVariantGroup section */

/* Begin XCBuildConfiguration section */
		EDEB590B19F9F8F900E79F77 /* Debug */ = {
			isa = XCBuildConfiguration;
			buildSettings = {
				ALWAYS_SEARCH_USER_PATHS = NO;
				CLANG_CXX_LANGUAGE_STANDARD = "gnu++0x";
				CLANG_CXX_LIBRARY = "libc++";
				CLANG_ENABLE_MODULES = YES;
				CLANG_ENABLE_OBJC_ARC = YES;
				CLANG_WARN_BOOL_CONVERSION = YES;
				CLANG_WARN_CONSTANT_CONVERSION = YES;
				CLANG_WARN_DIRECT_OBJC_ISA_USAGE = YES_ERROR;
				CLANG_WARN_EMPTY_BODY = YES;
				CLANG_WARN_ENUM_CONVERSION = YES;
				CLANG_WARN_INT_CONVERSION = YES;
				CLANG_WARN_OBJC_ROOT_CLASS = YES_ERROR;
				CLANG_WARN_UNREACHABLE_CODE = YES;
				CLANG_WARN__DUPLICATE_METHOD_MATCH = YES;
				"CODE_SIGN_IDENTITY[sdk=iphoneos*]" = "iPhone Developer";
				COPY_PHASE_STRIP = NO;
				ENABLE_STRICT_OBJC_MSGSEND = YES;
				GCC_C_LANGUAGE_STANDARD = gnu99;
				GCC_DYNAMIC_NO_PIC = NO;
				GCC_OPTIMIZATION_LEVEL = 0;
				GCC_PREPROCESSOR_DEFINITIONS = (
					"DEBUG=1",
					"$(inherited)",
				);
				GCC_SYMBOLS_PRIVATE_EXTERN = NO;
				GCC_WARN_64_TO_32_BIT_CONVERSION = YES;
				GCC_WARN_ABOUT_RETURN_TYPE = YES_ERROR;
				GCC_WARN_UNDECLARED_SELECTOR = YES;
				GCC_WARN_UNINITIALIZED_AUTOS = YES_AGGRESSIVE;
				GCC_WARN_UNUSED_FUNCTION = YES;
				GCC_WARN_UNUSED_VARIABLE = YES;
				IPHONEOS_DEPLOYMENT_TARGET = 8.0;
				MTL_ENABLE_DEBUG_INFO = YES;
				ONLY_ACTIVE_ARCH = YES;
				SDKROOT = iphoneos;
				SWIFT_OPTIMIZATION_LEVEL = "-Onone";
				TARGETED_DEVICE_FAMILY = "1,2";
			};
			name = Debug;
		};
		EDEB590C19F9F8F900E79F77 /* Release */ = {
			isa = XCBuildConfiguration;
			buildSettings = {
				ALWAYS_SEARCH_USER_PATHS = NO;
				CLANG_CXX_LANGUAGE_STANDARD = "gnu++0x";
				CLANG_CXX_LIBRARY = "libc++";
				CLANG_ENABLE_MODULES = YES;
				CLANG_ENABLE_OBJC_ARC = YES;
				CLANG_WARN_BOOL_CONVERSION = YES;
				CLANG_WARN_CONSTANT_CONVERSION = YES;
				CLANG_WARN_DIRECT_OBJC_ISA_USAGE = YES_ERROR;
				CLANG_WARN_EMPTY_BODY = YES;
				CLANG_WARN_ENUM_CONVERSION = YES;
				CLANG_WARN_INT_CONVERSION = YES;
				CLANG_WARN_OBJC_ROOT_CLASS = YES_ERROR;
				CLANG_WARN_UNREACHABLE_CODE = YES;
				CLANG_WARN__DUPLICATE_METHOD_MATCH = YES;
				"CODE_SIGN_IDENTITY[sdk=iphoneos*]" = "iPhone Developer";
				COPY_PHASE_STRIP = YES;
				ENABLE_NS_ASSERTIONS = NO;
				ENABLE_STRICT_OBJC_MSGSEND = YES;
				GCC_C_LANGUAGE_STANDARD = gnu99;
				GCC_WARN_64_TO_32_BIT_CONVERSION = YES;
				GCC_WARN_ABOUT_RETURN_TYPE = YES_ERROR;
				GCC_WARN_UNDECLARED_SELECTOR = YES;
				GCC_WARN_UNINITIALIZED_AUTOS = YES_AGGRESSIVE;
				GCC_WARN_UNUSED_FUNCTION = YES;
				GCC_WARN_UNUSED_VARIABLE = YES;
				IPHONEOS_DEPLOYMENT_TARGET = 8.0;
				MTL_ENABLE_DEBUG_INFO = NO;
				SDKROOT = iphoneos;
				TARGETED_DEVICE_FAMILY = "1,2";
				VALIDATE_PRODUCT = YES;
			};
			name = Release;
		};
		EDEB590E19F9F8F900E79F77 /* Debug */ = {
			isa = XCBuildConfiguration;
			buildSettings = {
				ASSETCATALOG_COMPILER_APPICON_NAME = AppIcon;
				INFOPLIST_FILE = Counter/Info.plist;
				LD_RUNPATH_SEARCH_PATHS = "$(inherited) @executable_path/Frameworks";
				PRODUCT_NAME = "$(TARGET_NAME)";
			};
			name = Debug;
		};
		EDEB590F19F9F8F900E79F77 /* Release */ = {
			isa = XCBuildConfiguration;
			buildSettings = {
				ASSETCATALOG_COMPILER_APPICON_NAME = AppIcon;
				INFOPLIST_FILE = Counter/Info.plist;
				LD_RUNPATH_SEARCH_PATHS = "$(inherited) @executable_path/Frameworks";
				PRODUCT_NAME = "$(TARGET_NAME)";
			};
			name = Release;
		};
		EDEB591119F9F8F900E79F77 /* Debug */ = {
			isa = XCBuildConfiguration;
			buildSettings = {
				BUNDLE_LOADER = "$(TEST_HOST)";
				FRAMEWORK_SEARCH_PATHS = (
					"$(SDKROOT)/Developer/Library/Frameworks",
					"$(inherited)",
				);
				GCC_PREPROCESSOR_DEFINITIONS = (
					"DEBUG=1",
					"$(inherited)",
				);
				INFOPLIST_FILE = CounterTests/Info.plist;
				LD_RUNPATH_SEARCH_PATHS = "$(inherited) @executable_path/Frameworks @loader_path/Frameworks";
				PRODUCT_NAME = "$(TARGET_NAME)";
				TEST_HOST = "$(BUILT_PRODUCTS_DIR)/Counter.app/Counter";
			};
			name = Debug;
		};
		EDEB591219F9F8F900E79F77 /* Release */ = {
			isa = XCBuildConfiguration;
			buildSettings = {
				BUNDLE_LOADER = "$(TEST_HOST)";
				FRAMEWORK_SEARCH_PATHS = (
					"$(SDKROOT)/Developer/Library/Frameworks",
					"$(inherited)",
				);
				INFOPLIST_FILE = CounterTests/Info.plist;
				LD_RUNPATH_SEARCH_PATHS = "$(inherited) @executable_path/Frameworks @loader_path/Frameworks";
				PRODUCT_NAME = "$(TARGET_NAME)";
				TEST_HOST = "$(BUILT_PRODUCTS_DIR)/Counter.app/Counter";
			};
			name = Release;
		};
/* End XCBuildConfiguration section */

/* Begin XCConfigurationList section */
		EDEB58E719F9F8F900E79F77 /* Build configuration list for PBXProject "Counter" */ = {
			isa = XCConfigurationList;
			buildConfigurations = (
				EDEB590B19F9F8F900E79F77 /* Debug */,
				EDEB590C19F9F8F900E79F77 /* Release */,
			);
			defaultConfigurationIsVisible = 0;
			defaultConfigurationName = Release;
		};
		EDEB590D19F9F8F900E79F77 /* Build configuration list for PBXNativeTarget "Counter" */ = {
			isa = XCConfigurationList;
			buildConfigurations = (
				EDEB590E19F9F8F900E79F77 /* Debug */,
				EDEB590F19F9F8F900E79F77 /* Release */,
			);
			defaultConfigurationIsVisible = 0;
			defaultConfigurationName = Release;
		};
		EDEB591019F9F8F900E79F77 /* Build configuration list for PBXNativeTarget "CounterTests" */ = {
			isa = XCConfigurationList;
			buildConfigurations = (
				EDEB591119F9F8F900E79F77 /* Debug */,
				EDEB591219F9F8F900E79F77 /* Release */,
			);
			defaultConfigurationIsVisible = 0;
			defaultConfigurationName = Release;
		};
/* End XCConfigurationList section */
	};
	rootObject = EDEB58E419F9F8F900E79F77 /* Project object */;
}
